// !$*UTF8*$!
{
	archiveVersion = 1;
	classes = {
	};
	objectVersion = 46;
	objects = {

/* Begin PBXBuildFile section */
		CD33886E1ABF6A9200AEABF7 /* AppDelegate.swift in Sources */ = {isa = PBXBuildFile; fileRef = CD33886D1ABF6A9200AEABF7 /* AppDelegate.swift */; };
		CD3388731ABF6A9200AEABF7 /* Main.storyboard in Resources */ = {isa = PBXBuildFile; fileRef = CD3388711ABF6A9200AEABF7 /* Main.storyboard */; };
		CD3388751ABF6A9200AEABF7 /* Images.xcassets in Resources */ = {isa = PBXBuildFile; fileRef = CD3388741ABF6A9200AEABF7 /* Images.xcassets */; };
		CD3388781ABF6A9200AEABF7 /* LaunchScreen.xib in Resources */ = {isa = PBXBuildFile; fileRef = CD3388761ABF6A9200AEABF7 /* LaunchScreen.xib */; };
		CD3388841ABF6A9200AEABF7 /* TextViewCellTests.swift in Sources */ = {isa = PBXBuildFile; fileRef = CD3388831ABF6A9200AEABF7 /* TextViewCellTests.swift */; };
		CD33888E1ABF6AF900AEABF7 /* MyTableViewController.swift in Sources */ = {isa = PBXBuildFile; fileRef = CD33888D1ABF6AF900AEABF7 /* MyTableViewController.swift */; };
		CD3388901ABF6B4000AEABF7 /* TextViewCell.swift in Sources */ = {isa = PBXBuildFile; fileRef = CD33888F1ABF6B4000AEABF7 /* TextViewCell.swift */; };
/* End PBXBuildFile section */

/* Begin PBXContainerItemProxy section */
		CD33887E1ABF6A9200AEABF7 /* PBXContainerItemProxy */ = {
			isa = PBXContainerItemProxy;
			containerPortal = CD3388601ABF6A9200AEABF7 /* Project object */;
			proxyType = 1;
			remoteGlobalIDString = CD3388671ABF6A9200AEABF7;
			remoteInfo = TextViewCell;
		};
/* End PBXContainerItemProxy section */

/* Begin PBXFileReference section */
		CD3388681ABF6A9200AEABF7 /* TextViewCell.app */ = {isa = PBXFileReference; explicitFileType = wrapper.application; includeInIndex = 0; path = TextViewCell.app; sourceTree = BUILT_PRODUCTS_DIR; };
		CD33886C1ABF6A9200AEABF7 /* Info.plist */ = {isa = PBXFileReference; lastKnownFileType = text.plist.xml; path = Info.plist; sourceTree = "<group>"; };
		CD33886D1ABF6A9200AEABF7 /* AppDelegate.swift */ = {isa = PBXFileReference; lastKnownFileType = sourcecode.swift; path = AppDelegate.swift; sourceTree = "<group>"; };
		CD3388721ABF6A9200AEABF7 /* Base */ = {isa = PBXFileReference; lastKnownFileType = file.storyboard; name = Base; path = Base.lproj/Main.storyboard; sourceTree = "<group>"; };
		CD3388741ABF6A9200AEABF7 /* Images.xcassets */ = {isa = PBXFileReference; lastKnownFileType = folder.assetcatalog; path = Images.xcassets; sourceTree = "<group>"; };
		CD3388771ABF6A9200AEABF7 /* Base */ = {isa = PBXFileReference; lastKnownFileType = file.xib; name = Base; path = Base.lproj/LaunchScreen.xib; sourceTree = "<group>"; };
		CD33887D1ABF6A9200AEABF7 /* TextViewCellTests.xctest */ = {isa = PBXFileReference; explicitFileType = wrapper.cfbundle; includeInIndex = 0; path = TextViewCellTests.xctest; sourceTree = BUILT_PRODUCTS_DIR; };
		CD3388821ABF6A9200AEABF7 /* Info.plist */ = {isa = PBXFileReference; lastKnownFileType = text.plist.xml; path = Info.plist; sourceTree = "<group>"; };
		CD3388831ABF6A9200AEABF7 /* TextViewCellTests.swift */ = {isa = PBXFileReference; lastKnownFileType = sourcecode.swift; path = TextViewCellTests.swift; sourceTree = "<group>"; };
		CD33888D1ABF6AF900AEABF7 /* MyTableViewController.swift */ = {isa = PBXFileReference; fileEncoding = 4; lastKnownFileType = sourcecode.swift; path = MyTableViewController.swift; sourceTree = "<group>"; };
		CD33888F1ABF6B4000AEABF7 /* TextViewCell.swift */ = {isa = PBXFileReference; fileEncoding = 4; lastKnownFileType = sourcecode.swift; path = TextViewCell.swift; sourceTree = "<group>"; };
/* End PBXFileReference section */

/* Begin PBXFrameworksBuildPhase section */
		CD3388651ABF6A9200AEABF7 /* Frameworks */ = {
			isa = PBXFrameworksBuildPhase;
			buildActionMask = 2147483647;
			files = (
			);
			runOnlyForDeploymentPostprocessing = 0;
		};
		CD33887A1ABF6A9200AEABF7 /* Frameworks */ = {
			isa = PBXFrameworksBuildPhase;
			buildActionMask = 2147483647;
			files = (
			);
			runOnlyForDeploymentPostprocessing = 0;
		};
/* End PBXFrameworksBuildPhase section */

/* Begin PBXGroup section */
		CD33885F1ABF6A9200AEABF7 = {
			isa = PBXGroup;
			children = (
				CD33886A1ABF6A9200AEABF7 /* TextViewCell */,
				CD3388801ABF6A9200AEABF7 /* TextViewCellTests */,
				CD3388691ABF6A9200AEABF7 /* Products */,
			);
			sourceTree = "<group>";
		};
		CD3388691ABF6A9200AEABF7 /* Products */ = {
			isa = PBXGroup;
			children = (
				CD3388681ABF6A9200AEABF7 /* TextViewCell.app */,
				CD33887D1ABF6A9200AEABF7 /* TextViewCellTests.xctest */,
			);
			name = Products;
			sourceTree = "<group>";
		};
		CD33886A1ABF6A9200AEABF7 /* TextViewCell */ = {
			isa = PBXGroup;
			children = (
				CD33886D1ABF6A9200AEABF7 /* AppDelegate.swift */,
				CD33888D1ABF6AF900AEABF7 /* MyTableViewController.swift */,
				CD33888F1ABF6B4000AEABF7 /* TextViewCell.swift */,
				CD3388711ABF6A9200AEABF7 /* Main.storyboard */,
				CD3388741ABF6A9200AEABF7 /* Images.xcassets */,
				CD3388761ABF6A9200AEABF7 /* LaunchScreen.xib */,
				CD33886B1ABF6A9200AEABF7 /* Supporting Files */,
			);
			path = TextViewCell;
			sourceTree = "<group>";
		};
		CD33886B1ABF6A9200AEABF7 /* Supporting Files */ = {
			isa = PBXGroup;
			children = (
				CD33886C1ABF6A9200AEABF7 /* Info.plist */,
			);
			name = "Supporting Files";
			sourceTree = "<group>";
		};
		CD3388801ABF6A9200AEABF7 /* TextViewCellTests */ = {
			isa = PBXGroup;
			children = (
				CD3388831ABF6A9200AEABF7 /* TextViewCellTests.swift */,
				CD3388811ABF6A9200AEABF7 /* Supporting Files */,
			);
			path = TextViewCellTests;
			sourceTree = "<group>";
		};
		CD3388811ABF6A9200AEABF7 /* Supporting Files */ = {
			isa = PBXGroup;
			children = (
				CD3388821ABF6A9200AEABF7 /* Info.plist */,
			);
			name = "Supporting Files";
			sourceTree = "<group>";
		};
/* End PBXGroup section */

/* Begin PBXNativeTarget section */
		CD3388671ABF6A9200AEABF7 /* TextViewCell */ = {
			isa = PBXNativeTarget;
			buildConfigurationList = CD3388871ABF6A9200AEABF7 /* Build configuration list for PBXNativeTarget "TextViewCell" */;
			buildPhases = (
				CD3388641ABF6A9200AEABF7 /* Sources */,
				CD3388651ABF6A9200AEABF7 /* Frameworks */,
				CD3388661ABF6A9200AEABF7 /* Resources */,
			);
			buildRules = (
			);
			dependencies = (
			);
			name = TextViewCell;
			productName = TextViewCell;
			productReference = CD3388681ABF6A9200AEABF7 /* TextViewCell.app */;
			productType = "com.apple.product-type.application";
		};
		CD33887C1ABF6A9200AEABF7 /* TextViewCellTests */ = {
			isa = PBXNativeTarget;
			buildConfigurationList = CD33888A1ABF6A9200AEABF7 /* Build configuration list for PBXNativeTarget "TextViewCellTests" */;
			buildPhases = (
				CD3388791ABF6A9200AEABF7 /* Sources */,
				CD33887A1ABF6A9200AEABF7 /* Frameworks */,
				CD33887B1ABF6A9200AEABF7 /* Resources */,
			);
			buildRules = (
			);
			dependencies = (
				CD33887F1ABF6A9200AEABF7 /* PBXTargetDependency */,
			);
			name = TextViewCellTests;
			productName = TextViewCellTests;
			productReference = CD33887D1ABF6A9200AEABF7 /* TextViewCellTests.xctest */;
			productType = "com.apple.product-type.bundle.unit-test";
		};
/* End PBXNativeTarget section */

/* Begin PBXProject section */
		CD3388601ABF6A9200AEABF7 /* Project object */ = {
			isa = PBXProject;
			attributes = {
				LastUpgradeCheck = 0620;
				ORGANIZATIONNAME = bbpan;
				TargetAttributes = {
					CD3388671ABF6A9200AEABF7 = {
						CreatedOnToolsVersion = 6.2;
					};
					CD33887C1ABF6A9200AEABF7 = {
						CreatedOnToolsVersion = 6.2;
						TestTargetID = CD3388671ABF6A9200AEABF7;
					};
				};
			};
			buildConfigurationList = CD3388631ABF6A9200AEABF7 /* Build configuration list for PBXProject "TextViewCell" */;
			compatibilityVersion = "Xcode 3.2";
			developmentRegion = English;
			hasScannedForEncodings = 0;
			knownRegions = (
				en,
				Base,
			);
			mainGroup = CD33885F1ABF6A9200AEABF7;
			productRefGroup = CD3388691ABF6A9200AEABF7 /* Products */;
			projectDirPath = "";
			projectRoot = "";
			targets = (
				CD3388671ABF6A9200AEABF7 /* TextViewCell */,
				CD33887C1ABF6A9200AEABF7 /* TextViewCellTests */,
			);
		};
/* End PBXProject section */

/* Begin PBXResourcesBuildPhase section */
		CD3388661ABF6A9200AEABF7 /* Resources */ = {
			isa = PBXResourcesBuildPhase;
			buildActionMask = 2147483647;
			files = (
				CD3388731ABF6A9200AEABF7 /* Main.storyboard in Resources */,
				CD3388781ABF6A9200AEABF7 /* LaunchScreen.xib in Resources */,
				CD3388751ABF6A9200AEABF7 /* Images.xcassets in Resources */,
			);
			runOnlyForDeploymentPostprocessing = 0;
		};
		CD33887B1ABF6A9200AEABF7 /* Resources */ = {
			isa = PBXResourcesBuildPhase;
			buildActionMask = 2147483647;
			files = (
			);
			runOnlyForDeploymentPostprocessing = 0;
		};
/* End PBXResourcesBuildPhase section */

/* Begin PBXSourcesBuildPhase section */
		CD3388641ABF6A9200AEABF7 /* Sources */ = {
			isa = PBXSourcesBuildPhase;
			buildActionMask = 2147483647;
			files = (
				CD3388901ABF6B4000AEABF7 /* TextViewCell.swift in Sources */,
				CD33888E1ABF6AF900AEABF7 /* MyTableViewController.swift in Sources */,
				CD33886E1ABF6A9200AEABF7 /* AppDelegate.swift in Sources */,
			);
			runOnlyForDeploymentPostprocessing = 0;
		};
		CD3388791ABF6A9200AEABF7 /* Sources */ = {
			isa = PBXSourcesBuildPhase;
			buildActionMask = 2147483647;
			files = (
				CD3388841ABF6A9200AEABF7 /* TextViewCellTests.swift in Sources */,
			);
			runOnlyForDeploymentPostprocessing = 0;
		};
/* End PBXSourcesBuildPhase section */

/* Begin PBXTargetDependency section */
		CD33887F1ABF6A9200AEABF7 /* PBXTargetDependency */ = {
			isa = PBXTargetDependency;
			target = CD3388671ABF6A9200AEABF7 /* TextViewCell */;
			targetProxy = CD33887E1ABF6A9200AEABF7 /* PBXContainerItemProxy */;
		};
/* End PBXTargetDependency section */

/* Begin PBXVariantGroup section */
		CD3388711ABF6A9200AEABF7 /* Main.storyboard */ = {
			isa = PBXVariantGroup;
			children = (
				CD3388721ABF6A9200AEABF7 /* Base */,
			);
			name = Main.storyboard;
			sourceTree = "<group>";
		};
		CD3388761ABF6A9200AEABF7 /* LaunchScreen.xib */ = {
			isa = PBXVariantGroup;
			children = (
				CD3388771ABF6A9200AEABF7 /* Base */,
			);
			name = LaunchScreen.xib;
			sourceTree = "<group>";
		};
/* End PBXVariantGroup section */

/* Begin XCBuildConfiguration section */
		CD3388851ABF6A9200AEABF7 /* Debug */ = {
			isa = XCBuildConfiguration;
			buildSettings = {
				ALWAYS_SEARCH_USER_PATHS = NO;
				CLANG_CXX_LANGUAGE_STANDARD = "gnu++0x";
				CLANG_CXX_LIBRARY = "libc++";
				CLANG_ENABLE_MODULES = YES;
				CLANG_ENABLE_OBJC_ARC = YES;
				CLANG_WARN_BOOL_CONVERSION = YES;
				CLANG_WARN_CONSTANT_CONVERSION = YES;
				CLANG_WARN_DIRECT_OBJC_ISA_USAGE = YES_ERROR;
				CLANG_WARN_EMPTY_BODY = YES;
				CLANG_WARN_ENUM_CONVERSION = YES;
				CLANG_WARN_INT_CONVERSION = YES;
				CLANG_WARN_OBJC_ROOT_CLASS = YES_ERROR;
				CLANG_WARN_UNREACHABLE_CODE = YES;
				CLANG_WARN__DUPLICATE_METHOD_MATCH = YES;
				"CODE_SIGN_IDENTITY[sdk=iphoneos*]" = "iPhone Developer";
				COPY_PHASE_STRIP = NO;
				ENABLE_STRICT_OBJC_MSGSEND = YES;
				GCC_C_LANGUAGE_STANDARD = gnu99;
				GCC_DYNAMIC_NO_PIC = NO;
				GCC_OPTIMIZATION_LEVEL = 0;
				GCC_PREPROCESSOR_DEFINITIONS = (
					"DEBUG=1",
					"$(inherited)",
				);
				GCC_SYMBOLS_PRIVATE_EXTERN = NO;
				GCC_WARN_64_TO_32_BIT_CONVERSION = YES;
				GCC_WARN_ABOUT_RETURN_TYPE = YES_ERROR;
				GCC_WARN_UNDECLARED_SELECTOR = YES;
				GCC_WARN_UNINITIALIZED_AUTOS = YES_AGGRESSIVE;
				GCC_WARN_UNUSED_FUNCTION = YES;
				GCC_WARN_UNUSED_VARIABLE = YES;
				IPHONEOS_DEPLOYMENT_TARGET = 8.2;
				MTL_ENABLE_DEBUG_INFO = YES;
				ONLY_ACTIVE_ARCH = YES;
				SDKROOT = iphoneos;
				SWIFT_OPTIMIZATION_LEVEL = "-Onone";
			};
			name = Debug;
		};
		CD3388861ABF6A9200AEABF7 /* Release */ = {
			isa = XCBuildConfiguration;
			buildSettings = {
				ALWAYS_SEARCH_USER_PATHS = NO;
				CLANG_CXX_LANGUAGE_STANDARD = "gnu++0x";
				CLANG_CXX_LIBRARY = "libc++";
				CLANG_ENABLE_MODULES = YES;
				CLANG_ENABLE_OBJC_ARC = YES;
				CLANG_WARN_BOOL_CONVERSION = YES;
				CLANG_WARN_CONSTANT_CONVERSION = YES;
				CLANG_WARN_DIRECT_OBJC_ISA_USAGE = YES_ERROR;
				CLANG_WARN_EMPTY_BODY = YES;
				CLANG_WARN_ENUM_CONVERSION = YES;
				CLANG_WARN_INT_CONVERSION = YES;
				CLANG_WARN_OBJC_ROOT_CLASS = YES_ERROR;
				CLANG_WARN_UNREACHABLE_CODE = YES;
				CLANG_WARN__DUPLICATE_METHOD_MATCH = YES;
				"CODE_SIGN_IDENTITY[sdk=iphoneos*]" = "iPhone Developer";
				COPY_PHASE_STRIP = NO;
				ENABLE_NS_ASSERTIONS = NO;
				ENABLE_STRICT_OBJC_MSGSEND = YES;
				GCC_C_LANGUAGE_STANDARD = gnu99;
				GCC_WARN_64_TO_32_BIT_CONVERSION = YES;
				GCC_WARN_ABOUT_RETURN_TYPE = YES_ERROR;
				GCC_WARN_UNDECLARED_SELECTOR = YES;
				GCC_WARN_UNINITIALIZED_AUTOS = YES_AGGRESSIVE;
				GCC_WARN_UNUSED_FUNCTION = YES;
				GCC_WARN_UNUSED_VARIABLE = YES;
				IPHONEOS_DEPLOYMENT_TARGET = 8.2;
				MTL_ENABLE_DEBUG_INFO = NO;
				SDKROOT = iphoneos;
				VALIDATE_PRODUCT = YES;
			};
			name = Release;
		};
		CD3388881ABF6A9200AEABF7 /* Debug */ = {
			isa = XCBuildConfiguration;
			buildSettings = {
				ASSETCATALOG_COMPILER_APPICON_NAME = AppIcon;
				INFOPLIST_FILE = TextViewCell/Info.plist;
				LD_RUNPATH_SEARCH_PATHS = "$(inherited) @executable_path/Frameworks";
				PRODUCT_NAME = "$(TARGET_NAME)";
			};
			name = Debug;
		};
		CD3388891ABF6A9200AEABF7 /* Release */ = {
			isa = XCBuildConfiguration;
			buildSettings = {
				ASSETCATALOG_COMPILER_APPICON_NAME = AppIcon;
				INFOPLIST_FILE = TextViewCell/Info.plist;
				LD_RUNPATH_SEARCH_PATHS = "$(inherited) @executable_path/Frameworks";
				PRODUCT_NAME = "$(TARGET_NAME)";
			};
			name = Release;
		};
		CD33888B1ABF6A9200AEABF7 /* Debug */ = {
			isa = XCBuildConfiguration;
			buildSettings = {
				BUNDLE_LOADER = "$(TEST_HOST)";
				FRAMEWORK_SEARCH_PATHS = (
					"$(SDKROOT)/Developer/Library/Frameworks",
					"$(inherited)",
				);
				GCC_PREPROCESSOR_DEFINITIONS = (
					"DEBUG=1",
					"$(inherited)",
				);
				INFOPLIST_FILE = TextViewCellTests/Info.plist;
				LD_RUNPATH_SEARCH_PATHS = "$(inherited) @executable_path/Frameworks @loader_path/Frameworks";
				PRODUCT_NAME = "$(TARGET_NAME)";
				TEST_HOST = "$(BUILT_PRODUCTS_DIR)/TextViewCell.app/TextViewCell";
			};
			name = Debug;
		};
		CD33888C1ABF6A9200AEABF7 /* Release */ = {
			isa = XCBuildConfiguration;
			buildSettings = {
				BUNDLE_LOADER = "$(TEST_HOST)";
				FRAMEWORK_SEARCH_PATHS = (
					"$(SDKROOT)/Developer/Library/Frameworks",
					"$(inherited)",
				);
				INFOPLIST_FILE = TextViewCellTests/Info.plist;
				LD_RUNPATH_SEARCH_PATHS = "$(inherited) @executable_path/Frameworks @loader_path/Frameworks";
				PRODUCT_NAME = "$(TARGET_NAME)";
				TEST_HOST = "$(BUILT_PRODUCTS_DIR)/TextViewCell.app/TextViewCell";
			};
			name = Release;
		};
/* End XCBuildConfiguration section */

/* Begin XCConfigurationList section */
		CD3388631ABF6A9200AEABF7 /* Build configuration list for PBXProject "TextViewCell" */ = {
			isa = XCConfigurationList;
			buildConfigurations = (
				CD3388851ABF6A9200AEABF7 /* Debug */,
				CD3388861ABF6A9200AEABF7 /* Release */,
			);
			defaultConfigurationIsVisible = 0;
			defaultConfigurationName = Release;
		};
		CD3388871ABF6A9200AEABF7 /* Build configuration list for PBXNativeTarget "TextViewCell" */ = {
			isa = XCConfigurationList;
			buildConfigurations = (
				CD3388881ABF6A9200AEABF7 /* Debug */,
				CD3388891ABF6A9200AEABF7 /* Release */,
			);
			defaultConfigurationIsVisible = 0;
			defaultConfigurationName = Release;
		};
		CD33888A1ABF6A9200AEABF7 /* Build configuration list for PBXNativeTarget "TextViewCellTests" */ = {
			isa = XCConfigurationList;
			buildConfigurations = (
				CD33888B1ABF6A9200AEABF7 /* Debug */,
				CD33888C1ABF6A9200AEABF7 /* Release */,
			);
			defaultConfigurationIsVisible = 0;
			defaultConfigurationName = Release;
		};
/* End XCConfigurationList section */
	};
	rootObject = CD3388601ABF6A9200AEABF7 /* Project object */;
}
